{
  "requires": true,
  "lockfileVersion": 1,
  "dependencies": {
    "@angular/animations": {
      "version": "13.2.1",
      "resolved": "https://registry.npmjs.org/@angular/animations/-/animations-13.2.1.tgz",
      "integrity": "sha512-Wvuu5OU0T5BlavE0IQohuXWiQUHHmrrkhZSxqatsSno2v1au5u/SJGSGo4RojBKsSm627Z/grLjOT6YA21CObA==",
      "requires": {
        "tslib": "^2.3.0"
      }
    },
    "angular-highcharts": {
      "version": "13.0.1",
      "resolved": "https://registry.npmjs.org/angular-highcharts/-/angular-highcharts-13.0.1.tgz",
      "integrity": "sha512-fUU6JY/eA4GCZmA4oVO1AexES0mVzajAenxxixuYQjRqRf0SrTqfPCTSlQD2oVTufIQOfOcc+1bLrOTA8w5VZQ==",
      "requires": {
        "tslib": "^2.0.0"
      }
    },
    "highcharts": {
      "version": "9.3.3",
      "resolved": "https://registry.npmjs.org/highcharts/-/highcharts-9.3.3.tgz",
      "integrity": "sha512-QeOvm6cifeZYYdTLm4IxZsXcOE9c4xqfs0z0OJJ0z7hhA9WG0rmcVAyuIp5HBl/znjA/ayYHmpYjBYD/9PG4Fg=="
    },
    "ngx-toastr": {
      "version": "14.2.1",
      "resolved": "https://registry.npmjs.org/ngx-toastr/-/ngx-toastr-14.2.1.tgz",
      "integrity": "sha512-1Kq//y8tTgglUYKHIziZwpo4R7fe4/neidcxfbAXzXtcViSjT4Z21Vgqn/inoBlwoc7E9qXQDuZoJr2lanCgGA==",
      "requires": {
        "tslib": "^2.3.0"
      }
    },
    "tslib": {
      "version": "2.3.1",
      "resolved": "https://registry.npmjs.org/tslib/-/tslib-2.3.1.tgz",
      "integrity": "sha512-77EbyPPpMz+FRFRuAFlWMtmgUWGe9UOG2Z25NqCwiIjRhOf5iKGuzSe5P2w1laq+FkRy4p+PCuVkJSGkzTEKVw=="
    }
  }
}
